
Microsoft Visual Studio Solution File, Format Version 12.00
# Visual Studio Version 16
VisualStudioVersion = 16.0.30413.136
MinimumVisualStudioVersion = 10.0.40219.1
Project("{9A19103F-16F7-4668-BE54-9A1E7A4F7556}") = "DynamicDataStore.Core", "DynamicDataStore.Core\DynamicDataStore.Core.csproj", "{27E2A414-6FC6-4237-BB7C-8418AB114173}"
EndProject
Project("{9A19103F-16F7-4668-BE54-9A1E7A4F7556}") = "DynamicDataStore.Core.Test", "DynamicDataStore.Core.Test\DynamicDataStore.Core.Test.csproj", "{AD485378-A99D-4F24-B26B-1A66B590C231}"
EndProject
Global
	GlobalSection(SolutionConfigurationPlatforms) = preSolution
		Debug|Any CPU = Debug|Any CPU
		Release|Any CPU = Release|Any CPU
	EndGlobalSection
	GlobalSection(ProjectConfigurationPlatforms) = postSolution
		{27E2A414-6FC6-4237-BB7C-8418AB114173}.Debug|Any CPU.ActiveCfg = Debug|Any CPU
		{27E2A414-6FC6-4237-BB7C-8418AB114173}.Debug|Any CPU.Build.0 = Debug|Any CPU
		{27E2A414-6FC6-4237-BB7C-8418AB114173}.Release|Any CPU.ActiveCfg = Release|Any CPU
		{27E2A414-6FC6-4237-BB7C-8418AB114173}.Release|Any CPU.Build.0 = Release|Any CPU
		{AD485378-A99D-4F24-B26B-1A66B590C231}.Debug|Any CPU.ActiveCfg = Debug|Any CPU
		{AD485378-A99D-4F24-B26B-1A66B590C231}.Debug|Any CPU.Build.0 = Debug|Any CPU
		{AD485378-A99D-4F24-B26B-1A66B590C231}.Release|Any CPU.ActiveCfg = Release|Any CPU
		{AD485378-A99D-4F24-B26B-1A66B590C231}.Release|Any CPU.Build.0 = Release|Any CPU
	EndGlobalSection
	GlobalSection(SolutionProperties) = preSolution
		HideSolutionNode = FALSE
	EndGlobalSection
	GlobalSection(ExtensibilityGlobals) = postSolution
		SolutionGuid = {1989167F-6BF1-4365-9679-161A531EEC5E}
	EndGlobalSection
EndGlobal
